
Microsoft Visual Studio Solution File, Format Version 12.00
# Visual Studio Version 17
VisualStudioVersion = 17.9.34701.34
MinimumVisualStudioVersion = 10.0.40219.1
Project("{9A19103F-16F7-4668-BE54-9A1E7A4F7556}") = "Progect", "Progect.csproj", "{2E3DFD87-22B3-4675-A2C3-68D413439476}"
EndProject
Project("{9A19103F-16F7-4668-BE54-9A1E7A4F7556}") = "TgBot", "..\TgBot\TgBot.csproj", "{9C561556-16CB-4AB2-AE0F-2A8BDB24FF2E}"
EndProject
Global
	GlobalSection(SolutionConfigurationPlatforms) = preSolution
		Debug|Any CPU = Debug|Any CPU
		Release|Any CPU = Release|Any CPU
	EndGlobalSection
	GlobalSection(ProjectConfigurationPlatforms) = postSolution
		{2E3DFD87-22B3-4675-A2C3-68D413439476}.Debug|Any CPU.ActiveCfg = Debug|Any CPU
		{2E3DFD87-22B3-4675-A2C3-68D413439476}.Debug|Any CPU.Build.0 = Debug|Any CPU
		{2E3DFD87-22B3-4675-A2C3-68D413439476}.Release|Any CPU.ActiveCfg = Release|Any CPU
		{2E3DFD87-22B3-4675-A2C3-68D413439476}.Release|Any CPU.Build.0 = Release|Any CPU
		{9C561556-16CB-4AB2-AE0F-2A8BDB24FF2E}.Debug|Any CPU.ActiveCfg = Debug|Any CPU
		{9C561556-16CB-4AB2-AE0F-2A8BDB24FF2E}.Debug|Any CPU.Build.0 = Debug|Any CPU
		{9C561556-16CB-4AB2-AE0F-2A8BDB24FF2E}.Release|Any CPU.ActiveCfg = Release|Any CPU
		{9C561556-16CB-4AB2-AE0F-2A8BDB24FF2E}.Release|Any CPU.Build.0 = Release|Any CPU
	EndGlobalSection
	GlobalSection(SolutionProperties) = preSolution
		HideSolutionNode = FALSE
	EndGlobalSection
	GlobalSection(ExtensibilityGlobals) = postSolution
		SolutionGuid = {DB74A690-FD72-46BB-8E7F-75E63620227F}
	EndGlobalSection
EndGlobal
